
Microsoft Visual Studio Solution File, Format Version 12.00
# Visual Studio Version 17
VisualStudioVersion = 17.10.35013.160
MinimumVisualStudioVersion = 10.0.40219.1
Project("{FAE04EC0-301F-11D3-BF4B-00C04F79EFBC}") = "MyFirstWebAPI", "MyFirstWebAPI\MyFirstWebAPI.csproj", "{C3C24614-BE44-45FB-A7C2-E8CC1D7C7908}"
EndProject
Global
	GlobalSection(SolutionConfigurationPlatforms) = preSolution
		Debug|Any CPU = Debug|Any CPU
		Release|Any CPU = Release|Any CPU
	EndGlobalSection
	GlobalSection(ProjectConfigurationPlatforms) = postSolution
		{C3C24614-BE44-45FB-A7C2-E8CC1D7C7908}.Debug|Any CPU.ActiveCfg = Debug|Any CPU
		{C3C24614-BE44-45FB-A7C2-E8CC1D7C7908}.Debug|Any CPU.Build.0 = Debug|Any CPU
		{C3C24614-BE44-45FB-A7C2-E8CC1D7C7908}.Release|Any CPU.ActiveCfg = Release|Any CPU
		{C3C24614-BE44-45FB-A7C2-E8CC1D7C7908}.Release|Any CPU.Build.0 = Release|Any CPU
	EndGlobalSection
	GlobalSection(SolutionProperties) = preSolution
		HideSolutionNode = FALSE
	EndGlobalSection
	GlobalSection(ExtensibilityGlobals) = postSolution
		SolutionGuid = {82095433-5360-40BA-8210-BB0E96BAE084}
	EndGlobalSection
EndGlobal
